
Microsoft Visual Studio Solution File, Format Version 12.00
# Visual Studio 2013
VisualStudioVersion = 12.0.21005.1
MinimumVisualStudioVersion = 10.0.40219.1
Project("{FAE04EC0-301F-11D3-BF4B-00C04F79EFBC}") = "Misfit.AddIn", "Misfit.AddIn\Misfit.AddIn.csproj", "{A022340C-8FA1-4E70-A197-FC191AC63AE9}"
EndProject
Project("{2150E333-8FDC-42A3-9474-1A3956D46DE8}") = "AddIn", "AddIn", "{27C57122-5DE4-4513-B66A-AC5148704A53}"
EndProject
Project("{2150E333-8FDC-42A3-9474-1A3956D46DE8}") = "Core", "Core", "{8F155A16-FB08-4DFD-86B1-BEC6D0B559E0}"
EndProject
Project("{2150E333-8FDC-42A3-9474-1A3956D46DE8}") = "Main", "Main", "{481D7BD1-37D3-4AE9-B9BA-E7970187F8F0}"
EndProject
Project("{FAE04EC0-301F-11D3-BF4B-00C04F79EFBC}") = "Misfit", "Misfit\Misfit.csproj", "{179D5A4C-86C6-4C06-A928-F7A67A415579}"
EndProject
Project("{FAE04EC0-301F-11D3-BF4B-00C04F79EFBC}") = "Misfit.Desktop.Shell", "Misfit.Desktop.Shell\Misfit.Desktop.Shell.csproj", "{F9D8891B-1B51-492B-A476-A32A13D0C38A}"
EndProject
Project("{FAE04EC0-301F-11D3-BF4B-00C04F79EFBC}") = "Misfit.AomiServcies", "Misfit.AomiServcies\Misfit.AomiServcies.csproj", "{BBADB2B1-01F4-4F9C-97AE-1F884956F7ED}"
EndProject
Project("{FAE04EC0-301F-11D3-BF4B-00C04F79EFBC}") = "Misfit.AomiServices.Inf", "Misfit.AomiServices.Inf\Misfit.AomiServices.Inf.csproj", "{4656DA2D-B3B9-4472-B27D-AC1E5ADFC0E6}"
EndProject
Project("{2150E333-8FDC-42A3-9474-1A3956D46DE8}") = "Themes", "Themes", "{2BF49EF0-58EE-4F9F-BC6C-7D2E24D0D5C1}"
EndProject
Project("{FAE04EC0-301F-11D3-BF4B-00C04F79EFBC}") = "MisfitThemes", "MisfitThemes\MisfitThemes.csproj", "{20AF3CD0-E096-4A28-964F-70277A696FD5}"
EndProject
Project("{FAE04EC0-301F-11D3-BF4B-00C04F79EFBC}") = "MisfitThemes.Aomi", "MisfitThemes.Aomi\MisfitThemes.Aomi.csproj", "{C94E68DA-E435-4E03-BC2F-8F7FAE46C904}"
EndProject
Global
	GlobalSection(SolutionConfigurationPlatforms) = preSolution
		Debug|Any CPU = Debug|Any CPU
		Release|Any CPU = Release|Any CPU
	EndGlobalSection
	GlobalSection(ProjectConfigurationPlatforms) = postSolution
		{A022340C-8FA1-4E70-A197-FC191AC63AE9}.Debug|Any CPU.ActiveCfg = Debug|Any CPU
		{A022340C-8FA1-4E70-A197-FC191AC63AE9}.Debug|Any CPU.Build.0 = Debug|Any CPU
		{A022340C-8FA1-4E70-A197-FC191AC63AE9}.Release|Any CPU.ActiveCfg = Release|Any CPU
		{A022340C-8FA1-4E70-A197-FC191AC63AE9}.Release|Any CPU.Build.0 = Release|Any CPU
		{179D5A4C-86C6-4C06-A928-F7A67A415579}.Debug|Any CPU.ActiveCfg = Debug|Any CPU
		{179D5A4C-86C6-4C06-A928-F7A67A415579}.Debug|Any CPU.Build.0 = Debug|Any CPU
		{179D5A4C-86C6-4C06-A928-F7A67A415579}.Release|Any CPU.ActiveCfg = Release|Any CPU
		{179D5A4C-86C6-4C06-A928-F7A67A415579}.Release|Any CPU.Build.0 = Release|Any CPU
		{F9D8891B-1B51-492B-A476-A32A13D0C38A}.Debug|Any CPU.ActiveCfg = Debug|Any CPU
		{F9D8891B-1B51-492B-A476-A32A13D0C38A}.Debug|Any CPU.Build.0 = Debug|Any CPU
		{F9D8891B-1B51-492B-A476-A32A13D0C38A}.Release|Any CPU.ActiveCfg = Release|Any CPU
		{F9D8891B-1B51-492B-A476-A32A13D0C38A}.Release|Any CPU.Build.0 = Release|Any CPU
		{BBADB2B1-01F4-4F9C-97AE-1F884956F7ED}.Debug|Any CPU.ActiveCfg = Debug|Any CPU
		{BBADB2B1-01F4-4F9C-97AE-1F884956F7ED}.Debug|Any CPU.Build.0 = Debug|Any CPU
		{BBADB2B1-01F4-4F9C-97AE-1F884956F7ED}.Release|Any CPU.ActiveCfg = Release|Any CPU
		{BBADB2B1-01F4-4F9C-97AE-1F884956F7ED}.Release|Any CPU.Build.0 = Release|Any CPU
		{4656DA2D-B3B9-4472-B27D-AC1E5ADFC0E6}.Debug|Any CPU.ActiveCfg = Debug|Any CPU
		{4656DA2D-B3B9-4472-B27D-AC1E5ADFC0E6}.Debug|Any CPU.Build.0 = Debug|Any CPU
		{4656DA2D-B3B9-4472-B27D-AC1E5ADFC0E6}.Release|Any CPU.ActiveCfg = Release|Any CPU
		{4656DA2D-B3B9-4472-B27D-AC1E5ADFC0E6}.Release|Any CPU.Build.0 = Release|Any CPU
		{20AF3CD0-E096-4A28-964F-70277A696FD5}.Debug|Any CPU.ActiveCfg = Debug|Any CPU
		{20AF3CD0-E096-4A28-964F-70277A696FD5}.Debug|Any CPU.Build.0 = Debug|Any CPU
		{20AF3CD0-E096-4A28-964F-70277A696FD5}.Release|Any CPU.ActiveCfg = Release|Any CPU
		{20AF3CD0-E096-4A28-964F-70277A696FD5}.Release|Any CPU.Build.0 = Release|Any CPU
		{C94E68DA-E435-4E03-BC2F-8F7FAE46C904}.Debug|Any CPU.ActiveCfg = Debug|Any CPU
		{C94E68DA-E435-4E03-BC2F-8F7FAE46C904}.Debug|Any CPU.Build.0 = Debug|Any CPU
		{C94E68DA-E435-4E03-BC2F-8F7FAE46C904}.Release|Any CPU.ActiveCfg = Release|Any CPU
		{C94E68DA-E435-4E03-BC2F-8F7FAE46C904}.Release|Any CPU.Build.0 = Release|Any CPU
	EndGlobalSection
	GlobalSection(SolutionProperties) = preSolution
		HideSolutionNode = FALSE
	EndGlobalSection
	GlobalSection(NestedProjects) = preSolution
		{A022340C-8FA1-4E70-A197-FC191AC63AE9} = {27C57122-5DE4-4513-B66A-AC5148704A53}
		{BBADB2B1-01F4-4F9C-97AE-1F884956F7ED} = {27C57122-5DE4-4513-B66A-AC5148704A53}
		{4656DA2D-B3B9-4472-B27D-AC1E5ADFC0E6} = {27C57122-5DE4-4513-B66A-AC5148704A53}
		{179D5A4C-86C6-4C06-A928-F7A67A415579} = {8F155A16-FB08-4DFD-86B1-BEC6D0B559E0}
		{F9D8891B-1B51-492B-A476-A32A13D0C38A} = {481D7BD1-37D3-4AE9-B9BA-E7970187F8F0}
		{20AF3CD0-E096-4A28-964F-70277A696FD5} = {2BF49EF0-58EE-4F9F-BC6C-7D2E24D0D5C1}
		{C94E68DA-E435-4E03-BC2F-8F7FAE46C904} = {2BF49EF0-58EE-4F9F-BC6C-7D2E24D0D5C1}
	EndGlobalSection
EndGlobal
