
Microsoft Visual Studio Solution File, Format Version 12.00
# Visual Studio 2013
VisualStudioVersion = 12.0.21005.1
MinimumVisualStudioVersion = 10.0.40219.1
Project("{FAE04EC0-301F-11D3-BF4B-00C04F79EFBC}") = "Misfit.AddIn", "Misfit.AddIn\Misfit.AddIn.csproj", "{A022340C-8FA1-4E70-A197-FC191AC63AE9}"
EndProject
Project("{2150E333-8FDC-42A3-9474-1A3956D46DE8}") = "AddIn", "AddIn", "{27C57122-5DE4-4513-B66A-AC5148704A53}"
EndProject
Project("{FAE04EC0-301F-11D3-BF4B-00C04F79EFBC}") = "Misfit.Console", "Misfit.Console\Misfit.Console.csproj", "{A8659D3D-BC6F-4795-86DB-E306C9C43F5C}"
EndProject
Project("{FAE04EC0-301F-11D3-BF4B-00C04F79EFBC}") = "Misfit.Console.Impl", "Misfit.Console.Impl\Misfit.Console.Impl.csproj", "{420255A8-DDB6-4F27-B8D1-F128DE13CC3C}"
EndProject
Project("{2150E333-8FDC-42A3-9474-1A3956D46DE8}") = "Core", "Core", "{8F155A16-FB08-4DFD-86B1-BEC6D0B559E0}"
EndProject
Project("{2150E333-8FDC-42A3-9474-1A3956D46DE8}") = "Main", "Main", "{481D7BD1-37D3-4AE9-B9BA-E7970187F8F0}"
EndProject
Project("{FAE04EC0-301F-11D3-BF4B-00C04F79EFBC}") = "Misfit.WinForm", "Misfit.WinForm\Misfit.WinForm.csproj", "{F9CDF8FB-831A-4B0C-BCC5-16427C00B86E}"
EndProject
Project("{FAE04EC0-301F-11D3-BF4B-00C04F79EFBC}") = "Misfit", "Misfit\Misfit.csproj", "{179D5A4C-86C6-4C06-A928-F7A67A415579}"
EndProject
Global
	GlobalSection(SolutionConfigurationPlatforms) = preSolution
		Debug|Any CPU = Debug|Any CPU
		Release|Any CPU = Release|Any CPU
	EndGlobalSection
	GlobalSection(ProjectConfigurationPlatforms) = postSolution
		{A022340C-8FA1-4E70-A197-FC191AC63AE9}.Debug|Any CPU.ActiveCfg = Debug|Any CPU
		{A022340C-8FA1-4E70-A197-FC191AC63AE9}.Debug|Any CPU.Build.0 = Debug|Any CPU
		{A022340C-8FA1-4E70-A197-FC191AC63AE9}.Release|Any CPU.ActiveCfg = Release|Any CPU
		{A022340C-8FA1-4E70-A197-FC191AC63AE9}.Release|Any CPU.Build.0 = Release|Any CPU
		{A8659D3D-BC6F-4795-86DB-E306C9C43F5C}.Debug|Any CPU.ActiveCfg = Debug|Any CPU
		{A8659D3D-BC6F-4795-86DB-E306C9C43F5C}.Debug|Any CPU.Build.0 = Debug|Any CPU
		{A8659D3D-BC6F-4795-86DB-E306C9C43F5C}.Release|Any CPU.ActiveCfg = Release|Any CPU
		{A8659D3D-BC6F-4795-86DB-E306C9C43F5C}.Release|Any CPU.Build.0 = Release|Any CPU
		{420255A8-DDB6-4F27-B8D1-F128DE13CC3C}.Debug|Any CPU.ActiveCfg = Debug|Any CPU
		{420255A8-DDB6-4F27-B8D1-F128DE13CC3C}.Debug|Any CPU.Build.0 = Debug|Any CPU
		{420255A8-DDB6-4F27-B8D1-F128DE13CC3C}.Release|Any CPU.ActiveCfg = Release|Any CPU
		{420255A8-DDB6-4F27-B8D1-F128DE13CC3C}.Release|Any CPU.Build.0 = Release|Any CPU
		{F9CDF8FB-831A-4B0C-BCC5-16427C00B86E}.Debug|Any CPU.ActiveCfg = Debug|Any CPU
		{F9CDF8FB-831A-4B0C-BCC5-16427C00B86E}.Debug|Any CPU.Build.0 = Debug|Any CPU
		{F9CDF8FB-831A-4B0C-BCC5-16427C00B86E}.Release|Any CPU.ActiveCfg = Release|Any CPU
		{F9CDF8FB-831A-4B0C-BCC5-16427C00B86E}.Release|Any CPU.Build.0 = Release|Any CPU
		{179D5A4C-86C6-4C06-A928-F7A67A415579}.Debug|Any CPU.ActiveCfg = Debug|Any CPU
		{179D5A4C-86C6-4C06-A928-F7A67A415579}.Debug|Any CPU.Build.0 = Debug|Any CPU
		{179D5A4C-86C6-4C06-A928-F7A67A415579}.Release|Any CPU.ActiveCfg = Release|Any CPU
		{179D5A4C-86C6-4C06-A928-F7A67A415579}.Release|Any CPU.Build.0 = Release|Any CPU
	EndGlobalSection
	GlobalSection(SolutionProperties) = preSolution
		HideSolutionNode = FALSE
	EndGlobalSection
	GlobalSection(NestedProjects) = preSolution
		{A022340C-8FA1-4E70-A197-FC191AC63AE9} = {8F155A16-FB08-4DFD-86B1-BEC6D0B559E0}
		{179D5A4C-86C6-4C06-A928-F7A67A415579} = {8F155A16-FB08-4DFD-86B1-BEC6D0B559E0}
		{A8659D3D-BC6F-4795-86DB-E306C9C43F5C} = {27C57122-5DE4-4513-B66A-AC5148704A53}
		{420255A8-DDB6-4F27-B8D1-F128DE13CC3C} = {27C57122-5DE4-4513-B66A-AC5148704A53}
		{F9CDF8FB-831A-4B0C-BCC5-16427C00B86E} = {481D7BD1-37D3-4AE9-B9BA-E7970187F8F0}
	EndGlobalSection
EndGlobal
