
Microsoft Visual Studio Solution File, Format Version 12.00
# Visual Studio 2013
VisualStudioVersion = 12.0.21005.1
MinimumVisualStudioVersion = 10.0.40219.1
Project("{2150E333-8FDC-42A3-9474-1A3956D46DE8}") = "Modules", "Modules", "{27C57122-5DE4-4513-B66A-AC5148704A53}"
EndProject
Project("{2150E333-8FDC-42A3-9474-1A3956D46DE8}") = "Core", "Core", "{8F155A16-FB08-4DFD-86B1-BEC6D0B559E0}"
EndProject
Project("{2150E333-8FDC-42A3-9474-1A3956D46DE8}") = "Main", "Main", "{481D7BD1-37D3-4AE9-B9BA-E7970187F8F0}"
EndProject
Project("{FAE04EC0-301F-11D3-BF4B-00C04F79EFBC}") = "Misfit", "Misfit\Misfit.csproj", "{179D5A4C-86C6-4C06-A928-F7A67A415579}"
EndProject
Project("{FAE04EC0-301F-11D3-BF4B-00C04F79EFBC}") = "Misfit.AomiServcies", "Misfit.AomiServcies\Misfit.AomiServcies.csproj", "{BBADB2B1-01F4-4F9C-97AE-1F884956F7ED}"
EndProject
Project("{FAE04EC0-301F-11D3-BF4B-00C04F79EFBC}") = "Misfit.AomiServices.Inf", "Misfit.AomiServices.Inf\Misfit.AomiServices.Inf.csproj", "{4656DA2D-B3B9-4472-B27D-AC1E5ADFC0E6}"
EndProject
Project("{FAE04EC0-301F-11D3-BF4B-00C04F79EFBC}") = "Misfit.Modulation", "Misfit.Modulation\Misfit.Modulation.csproj", "{2B59AA96-0078-48B8-8FE2-BD264AD5E28D}"
EndProject
Project("{FAE04EC0-301F-11D3-BF4B-00C04F79EFBC}") = "Misfit.Modulation.AddIn", "Misfit.Modulation.AddIn\Misfit.Modulation.AddIn.csproj", "{1EAAE8B4-9C4A-4172-8D0A-2801A4E89FE2}"
EndProject
Project("{FAE04EC0-301F-11D3-BF4B-00C04F79EFBC}") = "Misfit.HayasiServices", "Misfit.HayasiServices\Misfit.HayasiServices.csproj", "{53BB73FB-B003-4A98-8AB1-B8BFE1A9D3C8}"
EndProject
Project("{FAE04EC0-301F-11D3-BF4B-00C04F79EFBC}") = "Misfit.Desktop.Wpf", "Misfit.Desktop.Wpf\Misfit.Desktop.Wpf.csproj", "{C43C5960-5449-470E-BFCC-99B0921F06D2}"
EndProject
Project("{FAE04EC0-301F-11D3-BF4B-00C04F79EFBC}") = "Misfit.Desktop.Toolkit", "Misfit.Desktop.Toolkit\Misfit.Desktop.Toolkit.csproj", "{A79E1B9A-4E0A-4B7C-868C-A8F38A4677FF}"
EndProject
Global
	GlobalSection(SolutionConfigurationPlatforms) = preSolution
		Debug|Any CPU = Debug|Any CPU
		Release|Any CPU = Release|Any CPU
	EndGlobalSection
	GlobalSection(ProjectConfigurationPlatforms) = postSolution
		{179D5A4C-86C6-4C06-A928-F7A67A415579}.Debug|Any CPU.ActiveCfg = Debug|Any CPU
		{179D5A4C-86C6-4C06-A928-F7A67A415579}.Debug|Any CPU.Build.0 = Debug|Any CPU
		{179D5A4C-86C6-4C06-A928-F7A67A415579}.Release|Any CPU.ActiveCfg = Release|Any CPU
		{179D5A4C-86C6-4C06-A928-F7A67A415579}.Release|Any CPU.Build.0 = Release|Any CPU
		{BBADB2B1-01F4-4F9C-97AE-1F884956F7ED}.Debug|Any CPU.ActiveCfg = Debug|Any CPU
		{BBADB2B1-01F4-4F9C-97AE-1F884956F7ED}.Debug|Any CPU.Build.0 = Debug|Any CPU
		{BBADB2B1-01F4-4F9C-97AE-1F884956F7ED}.Release|Any CPU.ActiveCfg = Release|Any CPU
		{BBADB2B1-01F4-4F9C-97AE-1F884956F7ED}.Release|Any CPU.Build.0 = Release|Any CPU
		{4656DA2D-B3B9-4472-B27D-AC1E5ADFC0E6}.Debug|Any CPU.ActiveCfg = Debug|Any CPU
		{4656DA2D-B3B9-4472-B27D-AC1E5ADFC0E6}.Debug|Any CPU.Build.0 = Debug|Any CPU
		{4656DA2D-B3B9-4472-B27D-AC1E5ADFC0E6}.Release|Any CPU.ActiveCfg = Release|Any CPU
		{4656DA2D-B3B9-4472-B27D-AC1E5ADFC0E6}.Release|Any CPU.Build.0 = Release|Any CPU
		{2B59AA96-0078-48B8-8FE2-BD264AD5E28D}.Debug|Any CPU.ActiveCfg = Debug|Any CPU
		{2B59AA96-0078-48B8-8FE2-BD264AD5E28D}.Debug|Any CPU.Build.0 = Debug|Any CPU
		{2B59AA96-0078-48B8-8FE2-BD264AD5E28D}.Release|Any CPU.ActiveCfg = Release|Any CPU
		{2B59AA96-0078-48B8-8FE2-BD264AD5E28D}.Release|Any CPU.Build.0 = Release|Any CPU
		{1EAAE8B4-9C4A-4172-8D0A-2801A4E89FE2}.Debug|Any CPU.ActiveCfg = Debug|Any CPU
		{1EAAE8B4-9C4A-4172-8D0A-2801A4E89FE2}.Debug|Any CPU.Build.0 = Debug|Any CPU
		{1EAAE8B4-9C4A-4172-8D0A-2801A4E89FE2}.Release|Any CPU.ActiveCfg = Release|Any CPU
		{1EAAE8B4-9C4A-4172-8D0A-2801A4E89FE2}.Release|Any CPU.Build.0 = Release|Any CPU
		{53BB73FB-B003-4A98-8AB1-B8BFE1A9D3C8}.Debug|Any CPU.ActiveCfg = Debug|Any CPU
		{53BB73FB-B003-4A98-8AB1-B8BFE1A9D3C8}.Debug|Any CPU.Build.0 = Debug|Any CPU
		{53BB73FB-B003-4A98-8AB1-B8BFE1A9D3C8}.Release|Any CPU.ActiveCfg = Release|Any CPU
		{53BB73FB-B003-4A98-8AB1-B8BFE1A9D3C8}.Release|Any CPU.Build.0 = Release|Any CPU
		{C43C5960-5449-470E-BFCC-99B0921F06D2}.Debug|Any CPU.ActiveCfg = Debug|Any CPU
		{C43C5960-5449-470E-BFCC-99B0921F06D2}.Debug|Any CPU.Build.0 = Debug|Any CPU
		{C43C5960-5449-470E-BFCC-99B0921F06D2}.Release|Any CPU.ActiveCfg = Release|Any CPU
		{C43C5960-5449-470E-BFCC-99B0921F06D2}.Release|Any CPU.Build.0 = Release|Any CPU
		{A79E1B9A-4E0A-4B7C-868C-A8F38A4677FF}.Debug|Any CPU.ActiveCfg = Debug|Any CPU
		{A79E1B9A-4E0A-4B7C-868C-A8F38A4677FF}.Debug|Any CPU.Build.0 = Debug|Any CPU
		{A79E1B9A-4E0A-4B7C-868C-A8F38A4677FF}.Release|Any CPU.ActiveCfg = Release|Any CPU
		{A79E1B9A-4E0A-4B7C-868C-A8F38A4677FF}.Release|Any CPU.Build.0 = Release|Any CPU
	EndGlobalSection
	GlobalSection(SolutionProperties) = preSolution
		HideSolutionNode = FALSE
	EndGlobalSection
	GlobalSection(NestedProjects) = preSolution
		{BBADB2B1-01F4-4F9C-97AE-1F884956F7ED} = {27C57122-5DE4-4513-B66A-AC5148704A53}
		{4656DA2D-B3B9-4472-B27D-AC1E5ADFC0E6} = {27C57122-5DE4-4513-B66A-AC5148704A53}
		{1EAAE8B4-9C4A-4172-8D0A-2801A4E89FE2} = {27C57122-5DE4-4513-B66A-AC5148704A53}
		{53BB73FB-B003-4A98-8AB1-B8BFE1A9D3C8} = {27C57122-5DE4-4513-B66A-AC5148704A53}
		{179D5A4C-86C6-4C06-A928-F7A67A415579} = {8F155A16-FB08-4DFD-86B1-BEC6D0B559E0}
		{2B59AA96-0078-48B8-8FE2-BD264AD5E28D} = {8F155A16-FB08-4DFD-86B1-BEC6D0B559E0}
		{C43C5960-5449-470E-BFCC-99B0921F06D2} = {481D7BD1-37D3-4AE9-B9BA-E7970187F8F0}
		{A79E1B9A-4E0A-4B7C-868C-A8F38A4677FF} = {481D7BD1-37D3-4AE9-B9BA-E7970187F8F0}
	EndGlobalSection
EndGlobal
